
Microsoft Visual Studio Solution File, Format Version 12.00
# Visual Studio Version 17
VisualStudioVersion = 17.9.34902.65
MinimumVisualStudioVersion = 10.0.40219.1
Project("{FAE04EC0-301F-11D3-BF4B-00C04F79EFBC}") = "Mid-Practice", "Mid-Practice\Mid-Practice.csproj", "{36530A35-9DA0-404A-B075-97525D9F7114}"
EndProject
Global
	GlobalSection(SolutionConfigurationPlatforms) = preSolution
		Debug|Any CPU = Debug|Any CPU
		Release|Any CPU = Release|Any CPU
	EndGlobalSection
	GlobalSection(ProjectConfigurationPlatforms) = postSolution
		{36530A35-9DA0-404A-B075-97525D9F7114}.Debug|Any CPU.ActiveCfg = Debug|Any CPU
		{36530A35-9DA0-404A-B075-97525D9F7114}.Debug|Any CPU.Build.0 = Debug|Any CPU
		{36530A35-9DA0-404A-B075-97525D9F7114}.Release|Any CPU.ActiveCfg = Release|Any CPU
		{36530A35-9DA0-404A-B075-97525D9F7114}.Release|Any CPU.Build.0 = Release|Any CPU
	EndGlobalSection
	GlobalSection(SolutionProperties) = preSolution
		HideSolutionNode = FALSE
	EndGlobalSection
	GlobalSection(ExtensibilityGlobals) = postSolution
		SolutionGuid = {2327E67B-E933-4834-BE74-06EDC31A43CB}
	EndGlobalSection
EndGlobal
