
Microsoft Visual Studio Solution File, Format Version 12.00
# Visual Studio Version 17
VisualStudioVersion = 17.9.34902.65
MinimumVisualStudioVersion = 10.0.40219.1
Project("{FAE04EC0-301F-11D3-BF4B-00C04F79EFBC}") = "Econtact", "Econtact\Econtact.csproj", "{3418D767-8BCD-4819-B1CC-61BCDB2795DF}"
EndProject
Global
	GlobalSection(SolutionConfigurationPlatforms) = preSolution
		Debug|Any CPU = Debug|Any CPU
		Release|Any CPU = Release|Any CPU
	EndGlobalSection
	GlobalSection(ProjectConfigurationPlatforms) = postSolution
		{3418D767-8BCD-4819-B1CC-61BCDB2795DF}.Debug|Any CPU.ActiveCfg = Debug|Any CPU
		{3418D767-8BCD-4819-B1CC-61BCDB2795DF}.Debug|Any CPU.Build.0 = Debug|Any CPU
		{3418D767-8BCD-4819-B1CC-61BCDB2795DF}.Release|Any CPU.ActiveCfg = Release|Any CPU
		{3418D767-8BCD-4819-B1CC-61BCDB2795DF}.Release|Any CPU.Build.0 = Release|Any CPU
	EndGlobalSection
	GlobalSection(SolutionProperties) = preSolution
		HideSolutionNode = FALSE
	EndGlobalSection
	GlobalSection(ExtensibilityGlobals) = postSolution
		SolutionGuid = {A0E54FE0-21D3-4AF0-AF87-75E75189AB76}
	EndGlobalSection
EndGlobal
