
Microsoft Visual Studio Solution File, Format Version 12.00
# Visual Studio Version 17
VisualStudioVersion = 17.9.34902.65
MinimumVisualStudioVersion = 10.0.40219.1
Project("{FAE04EC0-301F-11D3-BF4B-00C04F79EFBC}") = "Task3", "Task3\Task3.csproj", "{5D34CE50-81CB-46B6-9DA0-42197A98A48A}"
EndProject
Global
	GlobalSection(SolutionConfigurationPlatforms) = preSolution
		Debug|Any CPU = Debug|Any CPU
		Release|Any CPU = Release|Any CPU
	EndGlobalSection
	GlobalSection(ProjectConfigurationPlatforms) = postSolution
		{5D34CE50-81CB-46B6-9DA0-42197A98A48A}.Debug|Any CPU.ActiveCfg = Debug|Any CPU
		{5D34CE50-81CB-46B6-9DA0-42197A98A48A}.Debug|Any CPU.Build.0 = Debug|Any CPU
		{5D34CE50-81CB-46B6-9DA0-42197A98A48A}.Release|Any CPU.ActiveCfg = Release|Any CPU
		{5D34CE50-81CB-46B6-9DA0-42197A98A48A}.Release|Any CPU.Build.0 = Release|Any CPU
	EndGlobalSection
	GlobalSection(SolutionProperties) = preSolution
		HideSolutionNode = FALSE
	EndGlobalSection
	GlobalSection(ExtensibilityGlobals) = postSolution
		SolutionGuid = {8DF63FA8-F845-4CFC-AB80-6F46B5F8D13D}
	EndGlobalSection
EndGlobal
