
Microsoft Visual Studio Solution File, Format Version 12.00
# Visual Studio Version 17
VisualStudioVersion = 17.9.34902.65
MinimumVisualStudioVersion = 10.0.40219.1
Project("{FAE04EC0-301F-11D3-BF4B-00C04F79EFBC}") = "CALCULATOR", "CALCULATOR\CALCULATOR.csproj", "{E4CDE442-87C1-41FF-B067-FCEB239A5806}"
EndProject
Global
	GlobalSection(SolutionConfigurationPlatforms) = preSolution
		Debug|Any CPU = Debug|Any CPU
		Release|Any CPU = Release|Any CPU
	EndGlobalSection
	GlobalSection(ProjectConfigurationPlatforms) = postSolution
		{E4CDE442-87C1-41FF-B067-FCEB239A5806}.Debug|Any CPU.ActiveCfg = Debug|Any CPU
		{E4CDE442-87C1-41FF-B067-FCEB239A5806}.Debug|Any CPU.Build.0 = Debug|Any CPU
		{E4CDE442-87C1-41FF-B067-FCEB239A5806}.Release|Any CPU.ActiveCfg = Release|Any CPU
		{E4CDE442-87C1-41FF-B067-FCEB239A5806}.Release|Any CPU.Build.0 = Release|Any CPU
	EndGlobalSection
	GlobalSection(SolutionProperties) = preSolution
		HideSolutionNode = FALSE
	EndGlobalSection
	GlobalSection(ExtensibilityGlobals) = postSolution
		SolutionGuid = {7CD20278-2E80-4AF1-8EA8-97649FCF72BE}
	EndGlobalSection
EndGlobal
